
Microsoft Visual Studio Solution File, Format Version 12.00
# Visual Studio Version 17
VisualStudioVersion = 17.0.32014.148
MinimumVisualStudioVersion = 10.0.40219.1
Project("{9A19103F-16F7-4668-BE54-9A1E7A4F7556}") = "Nzy3d", "Nzy3d\Nzy3d.csproj", "{80908CD7-1774-42DD-AB7C-5FA703B67329}"
EndProject
Project("{9A19103F-16F7-4668-BE54-9A1E7A4F7556}") = "Nzy3d.Winforms", "Nzy3d.Winforms\Nzy3d.Winforms.csproj", "{A5232127-16B8-4882-BBF1-9A7468A11EB7}"
EndProject
Project("{9A19103F-16F7-4668-BE54-9A1E7A4F7556}") = "Nzy3d.WinformsDemo", "Nzy3d.WinformsDemo\Nzy3d.WinformsDemo.csproj", "{3A1D3912-8F3E-4CD2-BEE6-E2D6CDB5CD4A}"
EndProject
Global
	GlobalSection(SolutionConfigurationPlatforms) = preSolution
		Debug|Any CPU = Debug|Any CPU
		Release|Any CPU = Release|Any CPU
	EndGlobalSection
	GlobalSection(ProjectConfigurationPlatforms) = postSolution
		{80908CD7-1774-42DD-AB7C-5FA703B67329}.Debug|Any CPU.ActiveCfg = Debug|Any CPU
		{80908CD7-1774-42DD-AB7C-5FA703B67329}.Debug|Any CPU.Build.0 = Debug|Any CPU
		{80908CD7-1774-42DD-AB7C-5FA703B67329}.Release|Any CPU.ActiveCfg = Release|Any CPU
		{80908CD7-1774-42DD-AB7C-5FA703B67329}.Release|Any CPU.Build.0 = Release|Any CPU
		{A5232127-16B8-4882-BBF1-9A7468A11EB7}.Debug|Any CPU.ActiveCfg = Debug|Any CPU
		{A5232127-16B8-4882-BBF1-9A7468A11EB7}.Debug|Any CPU.Build.0 = Debug|Any CPU
		{A5232127-16B8-4882-BBF1-9A7468A11EB7}.Release|Any CPU.ActiveCfg = Release|Any CPU
		{A5232127-16B8-4882-BBF1-9A7468A11EB7}.Release|Any CPU.Build.0 = Release|Any CPU
		{3A1D3912-8F3E-4CD2-BEE6-E2D6CDB5CD4A}.Debug|Any CPU.ActiveCfg = Debug|Any CPU
		{3A1D3912-8F3E-4CD2-BEE6-E2D6CDB5CD4A}.Debug|Any CPU.Build.0 = Debug|Any CPU
		{3A1D3912-8F3E-4CD2-BEE6-E2D6CDB5CD4A}.Release|Any CPU.ActiveCfg = Release|Any CPU
		{3A1D3912-8F3E-4CD2-BEE6-E2D6CDB5CD4A}.Release|Any CPU.Build.0 = Release|Any CPU
	EndGlobalSection
	GlobalSection(SolutionProperties) = preSolution
		HideSolutionNode = FALSE
	EndGlobalSection
	GlobalSection(ExtensibilityGlobals) = postSolution
		SolutionGuid = {8B46C838-3A74-4C01-A6AD-0E4865C2C06A}
	EndGlobalSection
EndGlobal
